// !$*UTF8*$!
{
	archiveVersion = 1;
	classes = {
	};
	objectVersion = 50;
	objects = {

/* Begin PBXBuildFile section */
		C30FD07625E4E84B00DB3D7A /* EasyPaginationApp.swift in Sources */ = {isa = PBXBuildFile; fileRef = C30FD07525E4E84B00DB3D7A /* EasyPaginationApp.swift */; };
		C30FD07825E4E84B00DB3D7A /* ContentView.swift in Sources */ = {isa = PBXBuildFile; fileRef = C30FD07725E4E84B00DB3D7A /* ContentView.swift */; };
		C30FD07A25E4E85200DB3D7A /* Assets.xcassets in Resources */ = {isa = PBXBuildFile; fileRef = C30FD07925E4E85200DB3D7A /* Assets.xcassets */; };
		C30FD07D25E4E85200DB3D7A /* Preview Assets.xcassets in Resources */ = {isa = PBXBuildFile; fileRef = C30FD07C25E4E85200DB3D7A /* Preview Assets.xcassets */; };
		C30FD08625E4FF0700DB3D7A /* Home.swift in Sources */ = {isa = PBXBuildFile; fileRef = C30FD08525E4FF0700DB3D7A /* Home.swift */; };
		C30FD08A25E4FF1A00DB3D7A /* User.swift in Sources */ = {isa = PBXBuildFile; fileRef = C30FD08925E4FF1A00DB3D7A /* User.swift */; };
		C30FD08D25E5003B00DB3D7A /* SearchUser.swift in Sources */ = {isa = PBXBuildFile; fileRef = C30FD08C25E5003B00DB3D7A /* SearchUser.swift */; };
		C30FD09025E500AB00DB3D7A /* CustomSearchBar.swift in Sources */ = {isa = PBXBuildFile; fileRef = C30FD08F25E500AB00DB3D7A /* CustomSearchBar.swift */; };
/* End PBXBuildFile section */

/* Begin PBXFileReference section */
		C30FD07225E4E84B00DB3D7A /* EasyPagination.app */ = {isa = PBXFileReference; explicitFileType = wrapper.application; includeInIndex = 0; path = EasyPagination.app; sourceTree = BUILT_PRODUCTS_DIR; };
		C30FD07525E4E84B00DB3D7A /* EasyPaginationApp.swift */ = {isa = PBXFileReference; lastKnownFileType = sourcecode.swift; path = EasyPaginationApp.swift; sourceTree = "<group>"; };
		C30FD07725E4E84B00DB3D7A /* ContentView.swift */ = {isa = PBXFileReference; lastKnownFileType = sourcecode.swift; path = ContentView.swift; sourceTree = "<group>"; };
		C30FD07925E4E85200DB3D7A /* Assets.xcassets */ = {isa = PBXFileReference; lastKnownFileType = folder.assetcatalog; path = Assets.xcassets; sourceTree = "<group>"; };
		C30FD07C25E4E85200DB3D7A /* Preview Assets.xcassets */ = {isa = PBXFileReference; lastKnownFileType = folder.assetcatalog; path = "Preview Assets.xcassets"; sourceTree = "<group>"; };
		C30FD07E25E4E85200DB3D7A /* Info.plist */ = {isa = PBXFileReference; lastKnownFileType = text.plist.xml; path = Info.plist; sourceTree = "<group>"; };
		C30FD08525E4FF0700DB3D7A /* Home.swift */ = {isa = PBXFileReference; lastKnownFileType = sourcecode.swift; path = Home.swift; sourceTree = "<group>"; };
		C30FD08925E4FF1A00DB3D7A /* User.swift */ = {isa = PBXFileReference; lastKnownFileType = sourcecode.swift; path = User.swift; sourceTree = "<group>"; };
		C30FD08C25E5003B00DB3D7A /* SearchUser.swift */ = {isa = PBXFileReference; lastKnownFileType = sourcecode.swift; path = SearchUser.swift; sourceTree = "<group>"; };
		C30FD08F25E500AB00DB3D7A /* CustomSearchBar.swift */ = {isa = PBXFileReference; lastKnownFileType = sourcecode.swift; path = CustomSearchBar.swift; sourceTree = "<group>"; };
/* End PBXFileReference section */

/* Begin PBXFrameworksBuildPhase section */
		C30FD06F25E4E84B00DB3D7A /* Frameworks */ = {
			isa = PBXFrameworksBuildPhase;
			buildActionMask = 2147483647;
			files = (
			);
			runOnlyForDeploymentPostprocessing = 0;
		};
/* End PBXFrameworksBuildPhase section */

/* Begin PBXGroup section */
		C30FD06925E4E84B00DB3D7A = {
			isa = PBXGroup;
			children = (
				C30FD07425E4E84B00DB3D7A /* EasyPagination */,
				C30FD07325E4E84B00DB3D7A /* Products */,
			);
			sourceTree = "<group>";
		};
		C30FD07325E4E84B00DB3D7A /* Products */ = {
			isa = PBXGroup;
			children = (
				C30FD07225E4E84B00DB3D7A /* EasyPagination.app */,
			);
			name = Products;
			sourceTree = "<group>";
		};
		C30FD07425E4E84B00DB3D7A /* EasyPagination */ = {
			isa = PBXGroup;
			children = (
				C30FD07525E4E84B00DB3D7A /* EasyPaginationApp.swift */,
				C30FD09225E50BE100DB3D7A /* View */,
				C30FD09325E50BEC00DB3D7A /* Model */,
				C30FD09525E50BF200DB3D7A /* ViewModel */,
				C30FD07925E4E85200DB3D7A /* Assets.xcassets */,
				C30FD07E25E4E85200DB3D7A /* Info.plist */,
				C30FD07B25E4E85200DB3D7A /* Preview Content */,
			);
			path = EasyPagination;
			sourceTree = "<group>";
		};
		C30FD07B25E4E85200DB3D7A /* Preview Content */ = {
			isa = PBXGroup;
			children = (
				C30FD07C25E4E85200DB3D7A /* Preview Assets.xcassets */,
			);
			path = "Preview Content";
			sourceTree = "<group>";
		};
		C30FD09225E50BE100DB3D7A /* View */ = {
			isa = PBXGroup;
			children = (
				C30FD08525E4FF0700DB3D7A /* Home.swift */,
				C30FD07725E4E84B00DB3D7A /* ContentView.swift */,
				C30FD08F25E500AB00DB3D7A /* CustomSearchBar.swift */,
			);
			path = View;
			sourceTree = "<group>";
		};
		C30FD09325E50BEC00DB3D7A /* Model */ = {
			isa = PBXGroup;
			children = (
				C30FD08925E4FF1A00DB3D7A /* User.swift */,
			);
			path = Model;
			sourceTree = "<group>";
		};
		C30FD09525E50BF200DB3D7A /* ViewModel */ = {
			isa = PBXGroup;
			children = (
				C30FD08C25E5003B00DB3D7A /* SearchUser.swift */,
			);
			path = ViewModel;
			sourceTree = "<group>";
		};
/* End PBXGroup section */

/* Begin PBXNativeTarget section */
		C30FD07125E4E84B00DB3D7A /* EasyPagination */ = {
			isa = PBXNativeTarget;
			buildConfigurationList = C30FD08125E4E85200DB3D7A /* Build configuration list for PBXNativeTarget "EasyPagination" */;
			buildPhases = (
				C30FD06E25E4E84B00DB3D7A /* Sources */,
				C30FD06F25E4E84B00DB3D7A /* Frameworks */,
				C30FD07025E4E84B00DB3D7A /* Resources */,
			);
			buildRules = (
			);
			dependencies = (
			);
			name = EasyPagination;
			productName = EasyPagination;
			productReference = C30FD07225E4E84B00DB3D7A /* EasyPagination.app */;
			productType = "com.apple.product-type.application";
		};
/* End PBXNativeTarget section */

/* Begin PBXProject section */
		C30FD06A25E4E84B00DB3D7A /* Project object */ = {
			isa = PBXProject;
			attributes = {
				LastSwiftUpdateCheck = 1240;
				LastUpgradeCheck = 1240;
				TargetAttributes = {
					C30FD07125E4E84B00DB3D7A = {
						CreatedOnToolsVersion = 12.4;
					};
				};
			};
			buildConfigurationList = C30FD06D25E4E84B00DB3D7A /* Build configuration list for PBXProject "EasyPagination" */;
			compatibilityVersion = "Xcode 9.3";
			developmentRegion = en;
			hasScannedForEncodings = 0;
			knownRegions = (
				en,
				Base,
			);
			mainGroup = C30FD06925E4E84B00DB3D7A;
			productRefGroup = C30FD07325E4E84B00DB3D7A /* Products */;
			projectDirPath = "";
			projectRoot = "";
			targets = (
				C30FD07125E4E84B00DB3D7A /* EasyPagination */,
			);
		};
/* End PBXProject section */

/* Begin PBXResourcesBuildPhase section */
		C30FD07025E4E84B00DB3D7A /* Resources */ = {
			isa = PBXResourcesBuildPhase;
			buildActionMask = 2147483647;
			files = (
				C30FD07D25E4E85200DB3D7A /* Preview Assets.xcassets in Resources */,
				C30FD07A25E4E85200DB3D7A /* Assets.xcassets in Resources */,
			);
			runOnlyForDeploymentPostprocessing = 0;
		};
/* End PBXResourcesBuildPhase section */

/* Begin PBXSourcesBuildPhase section */
		C30FD06E25E4E84B00DB3D7A /* Sources */ = {
			isa = PBXSourcesBuildPhase;
			buildActionMask = 2147483647;
			files = (
				C30FD08A25E4FF1A00DB3D7A /* User.swift in Sources */,
				C30FD08625E4FF0700DB3D7A /* Home.swift in Sources */,
				C30FD09025E500AB00DB3D7A /* CustomSearchBar.swift in Sources */,
				C30FD07825E4E84B00DB3D7A /* ContentView.swift in Sources */,
				C30FD08D25E5003B00DB3D7A /* SearchUser.swift in Sources */,
				C30FD07625E4E84B00DB3D7A /* EasyPaginationApp.swift in Sources */,
			);
			runOnlyForDeploymentPostprocessing = 0;
		};
/* End PBXSourcesBuildPhase section */

/* Begin XCBuildConfiguration section */
		C30FD07F25E4E85200DB3D7A /* Debug */ = {
			isa = XCBuildConfiguration;
			buildSettings = {
				ALWAYS_SEARCH_USER_PATHS = NO;
				CLANG_ANALYZER_NONNULL = YES;
				CLANG_ANALYZER_NUMBER_OBJECT_CONVERSION = YES_AGGRESSIVE;
				CLANG_CXX_LANGUAGE_STANDARD = "gnu++14";
				CLANG_CXX_LIBRARY = "libc++";
				CLANG_ENABLE_MODULES = YES;
				CLANG_ENABLE_OBJC_ARC = YES;
				CLANG_ENABLE_OBJC_WEAK = YES;
				CLANG_WARN_BLOCK_CAPTURE_AUTORELEASING = YES;
				CLANG_WARN_BOOL_CONVERSION = YES;
				CLANG_WARN_COMMA = YES;
				CLANG_WARN_CONSTANT_CONVERSION = YES;
				CLANG_WARN_DEPRECATED_OBJC_IMPLEMENTATIONS = YES;
				CLANG_WARN_DIRECT_OBJC_ISA_USAGE = YES_ERROR;
				CLANG_WARN_DOCUMENTATION_COMMENTS = YES;
				CLANG_WARN_EMPTY_BODY = YES;
				CLANG_WARN_ENUM_CONVERSION = YES;
				CLANG_WARN_INFINITE_RECURSION = YES;
				CLANG_WARN_INT_CONVERSION = YES;
				CLANG_WARN_NON_LITERAL_NULL_CONVERSION = YES;
				CLANG_WARN_OBJC_IMPLICIT_RETAIN_SELF = YES;
				CLANG_WARN_OBJC_LITERAL_CONVERSION = YES;
				CLANG_WARN_OBJC_ROOT_CLASS = YES_ERROR;
				CLANG_WARN_QUOTED_INCLUDE_IN_FRAMEWORK_HEADER = YES;
				CLANG_WARN_RANGE_LOOP_ANALYSIS = YES;
				CLANG_WARN_STRICT_PROTOTYPES = YES;
				CLANG_WARN_SUSPICIOUS_MOVE = YES;
				CLANG_WARN_UNGUARDED_AVAILABILITY = YES_AGGRESSIVE;
				CLANG_WARN_UNREACHABLE_CODE = YES;
				CLANG_WARN__DUPLICATE_METHOD_MATCH = YES;
				COPY_PHASE_STRIP = NO;
				DEBUG_INFORMATION_FORMAT = dwarf;
				ENABLE_STRICT_OBJC_MSGSEND = YES;
				ENABLE_TESTABILITY = YES;
				GCC_C_LANGUAGE_STANDARD = gnu11;
				GCC_DYNAMIC_NO_PIC = NO;
				GCC_NO_COMMON_BLOCKS = YES;
				GCC_OPTIMIZATION_LEVEL = 0;
				GCC_PREPROCESSOR_DEFINITIONS = (
					"DEBUG=1",
					"$(inherited)",
				);
				GCC_WARN_64_TO_32_BIT_CONVERSION = YES;
				GCC_WARN_ABOUT_RETURN_TYPE = YES_ERROR;
				GCC_WARN_UNDECLARED_SELECTOR = YES;
				GCC_WARN_UNINITIALIZED_AUTOS = YES_AGGRESSIVE;
				GCC_WARN_UNUSED_FUNCTION = YES;
				GCC_WARN_UNUSED_VARIABLE = YES;
				IPHONEOS_DEPLOYMENT_TARGET = 14.4;
				MTL_ENABLE_DEBUG_INFO = INCLUDE_SOURCE;
				MTL_FAST_MATH = YES;
				ONLY_ACTIVE_ARCH = YES;
				SDKROOT = iphoneos;
				SWIFT_ACTIVE_COMPILATION_CONDITIONS = DEBUG;
				SWIFT_OPTIMIZATION_LEVEL = "-Onone";
			};
			name = Debug;
		};
		C30FD08025E4E85200DB3D7A /* Release */ = {
			isa = XCBuildConfiguration;
			buildSettings = {
				ALWAYS_SEARCH_USER_PATHS = NO;
				CLANG_ANALYZER_NONNULL = YES;
				CLANG_ANALYZER_NUMBER_OBJECT_CONVERSION = YES_AGGRESSIVE;
				CLANG_CXX_LANGUAGE_STANDARD = "gnu++14";
				CLANG_CXX_LIBRARY = "libc++";
				CLANG_ENABLE_MODULES = YES;
				CLANG_ENABLE_OBJC_ARC = YES;
				CLANG_ENABLE_OBJC_WEAK = YES;
				CLANG_WARN_BLOCK_CAPTURE_AUTORELEASING = YES;
				CLANG_WARN_BOOL_CONVERSION = YES;
				CLANG_WARN_COMMA = YES;
				CLANG_WARN_CONSTANT_CONVERSION = YES;
				CLANG_WARN_DEPRECATED_OBJC_IMPLEMENTATIONS = YES;
				CLANG_WARN_DIRECT_OBJC_ISA_USAGE = YES_ERROR;
				CLANG_WARN_DOCUMENTATION_COMMENTS = YES;
				CLANG_WARN_EMPTY_BODY = YES;
				CLANG_WARN_ENUM_CONVERSION = YES;
				CLANG_WARN_INFINITE_RECURSION = YES;
				CLANG_WARN_INT_CONVERSION = YES;
				CLANG_WARN_NON_LITERAL_NULL_CONVERSION = YES;
				CLANG_WARN_OBJC_IMPLICIT_RETAIN_SELF = YES;
				CLANG_WARN_OBJC_LITERAL_CONVERSION = YES;
				CLANG_WARN_OBJC_ROOT_CLASS = YES_ERROR;
				CLANG_WARN_QUOTED_INCLUDE_IN_FRAMEWORK_HEADER = YES;
				CLANG_WARN_RANGE_LOOP_ANALYSIS = YES;
				CLANG_WARN_STRICT_PROTOTYPES = YES;
				CLANG_WARN_SUSPICIOUS_MOVE = YES;
				CLANG_WARN_UNGUARDED_AVAILABILITY = YES_AGGRESSIVE;
				CLANG_WARN_UNREACHABLE_CODE = YES;
				CLANG_WARN__DUPLICATE_METHOD_MATCH = YES;
				COPY_PHASE_STRIP = NO;
				DEBUG_INFORMATION_FORMAT = "dwarf-with-dsym";
				ENABLE_NS_ASSERTIONS = NO;
				ENABLE_STRICT_OBJC_MSGSEND = YES;
				GCC_C_LANGUAGE_STANDARD = gnu11;
				GCC_NO_COMMON_BLOCKS = YES;
				GCC_WARN_64_TO_32_BIT_CONVERSION = YES;
				GCC_WARN_ABOUT_RETURN_TYPE = YES_ERROR;
				GCC_WARN_UNDECLARED_SELECTOR = YES;
				GCC_WARN_UNINITIALIZED_AUTOS = YES_AGGRESSIVE;
				GCC_WARN_UNUSED_FUNCTION = YES;
				GCC_WARN_UNUSED_VARIABLE = YES;
				IPHONEOS_DEPLOYMENT_TARGET = 14.4;
				MTL_ENABLE_DEBUG_INFO = NO;
				MTL_FAST_MATH = YES;
				SDKROOT = iphoneos;
				SWIFT_COMPILATION_MODE = wholemodule;
				SWIFT_OPTIMIZATION_LEVEL = "-O";
				VALIDATE_PRODUCT = YES;
			};
			name = Release;
		};
		C30FD08225E4E85200DB3D7A /* Debug */ = {
			isa = XCBuildConfiguration;
			buildSettings = {
				ASSETCATALOG_COMPILER_APPICON_NAME = AppIcon;
				ASSETCATALOG_COMPILER_GLOBAL_ACCENT_COLOR_NAME = AccentColor;
				CODE_SIGN_STYLE = Automatic;
				DEVELOPMENT_ASSET_PATHS = "\"EasyPagination/Preview Content\"";
				DEVELOPMENT_TEAM = LH9T2227L9;
				ENABLE_PREVIEWS = YES;
				INFOPLIST_FILE = EasyPagination/Info.plist;
				IPHONEOS_DEPLOYMENT_TARGET = 14.0;
				LD_RUNPATH_SEARCH_PATHS = (
					"$(inherited)",
					"@executable_path/Frameworks",
				);
				PRODUCT_BUNDLE_IDENTIFIER = su.areas.EasyPagination;
				PRODUCT_NAME = "$(TARGET_NAME)";
				SWIFT_VERSION = 5.0;
				TARGETED_DEVICE_FAMILY = "1,2";
			};
			name = Debug;
		};
		C30FD08325E4E85200DB3D7A /* Release */ = {
			isa = XCBuildConfiguration;
			buildSettings = {
				ASSETCATALOG_COMPILER_APPICON_NAME = AppIcon;
				ASSETCATALOG_COMPILER_GLOBAL_ACCENT_COLOR_NAME = AccentColor;
				CODE_SIGN_STYLE = Automatic;
				DEVELOPMENT_ASSET_PATHS = "\"EasyPagination/Preview Content\"";
				DEVELOPMENT_TEAM = LH9T2227L9;
				ENABLE_PREVIEWS = YES;
				INFOPLIST_FILE = EasyPagination/Info.plist;
				IPHONEOS_DEPLOYMENT_TARGET = 14.0;
				LD_RUNPATH_SEARCH_PATHS = (
					"$(inherited)",
					"@executable_path/Frameworks",
				);
				PRODUCT_BUNDLE_IDENTIFIER = su.areas.EasyPagination;
				PRODUCT_NAME = "$(TARGET_NAME)";
				SWIFT_VERSION = 5.0;
				TARGETED_DEVICE_FAMILY = "1,2";
			};
			name = Release;
		};
/* End XCBuildConfiguration section */

/* Begin XCConfigurationList section */
		C30FD06D25E4E84B00DB3D7A /* Build configuration list for PBXProject "EasyPagination" */ = {
			isa = XCConfigurationList;
			buildConfigurations = (
				C30FD07F25E4E85200DB3D7A /* Debug */,
				C30FD08025E4E85200DB3D7A /* Release */,
			);
			defaultConfigurationIsVisible = 0;
			defaultConfigurationName = Release;
		};
		C30FD08125E4E85200DB3D7A /* Build configuration list for PBXNativeTarget "EasyPagination" */ = {
			isa = XCConfigurationList;
			buildConfigurations = (
				C30FD08225E4E85200DB3D7A /* Debug */,
				C30FD08325E4E85200DB3D7A /* Release */,
			);
			defaultConfigurationIsVisible = 0;
			defaultConfigurationName = Release;
		};
/* End XCConfigurationList section */
	};
	rootObject = C30FD06A25E4E84B00DB3D7A /* Project object */;
}
